
Microsoft Visual Studio Solution File, Format Version 12.00
# Visual Studio Version 17
VisualStudioVersion = 17.3.32825.248
MinimumVisualStudioVersion = 10.0.40219.1
Project("{FAE04EC0-301F-11D3-BF4B-00C04F79EFBC}") = "chiffrement", "chiffrement\chiffrement.csproj", "{7CF5CB5B-457C-485A-A130-EC06FBB8403E}"
EndProject
Global
	GlobalSection(SolutionConfigurationPlatforms) = preSolution
		Debug|Any CPU = Debug|Any CPU
		Release|Any CPU = Release|Any CPU
	EndGlobalSection
	GlobalSection(ProjectConfigurationPlatforms) = postSolution
		{7CF5CB5B-457C-485A-A130-EC06FBB8403E}.Debug|Any CPU.ActiveCfg = Debug|Any CPU
		{7CF5CB5B-457C-485A-A130-EC06FBB8403E}.Debug|Any CPU.Build.0 = Debug|Any CPU
		{7CF5CB5B-457C-485A-A130-EC06FBB8403E}.Release|Any CPU.ActiveCfg = Release|Any CPU
		{7CF5CB5B-457C-485A-A130-EC06FBB8403E}.Release|Any CPU.Build.0 = Release|Any CPU
	EndGlobalSection
	GlobalSection(SolutionProperties) = preSolution
		HideSolutionNode = FALSE
	EndGlobalSection
	GlobalSection(ExtensibilityGlobals) = postSolution
		SolutionGuid = {C8ED0497-E6D0-448D-9046-E11544F4629E}
	EndGlobalSection
EndGlobal
